
Microsoft Visual Studio Solution File, Format Version 12.00
Project("{FAE04EC0-301F-11D3-BF4B-00C04F79EFBC}") = "BookStoreProject", "BookStoreProject\BookStoreProject.csproj", "{275F1AD6-1838-4ADB-A82B-735DA519B181}"
EndProject
Global
	GlobalSection(SolutionConfigurationPlatforms) = preSolution
		Debug|Any CPU = Debug|Any CPU
		Release|Any CPU = Release|Any CPU
	EndGlobalSection
	GlobalSection(ProjectConfigurationPlatforms) = postSolution
		{275F1AD6-1838-4ADB-A82B-735DA519B181}.Debug|Any CPU.ActiveCfg = Debug|Any CPU
		{275F1AD6-1838-4ADB-A82B-735DA519B181}.Debug|Any CPU.Build.0 = Debug|Any CPU
		{275F1AD6-1838-4ADB-A82B-735DA519B181}.Release|Any CPU.ActiveCfg = Release|Any CPU
		{275F1AD6-1838-4ADB-A82B-735DA519B181}.Release|Any CPU.Build.0 = Release|Any CPU
	EndGlobalSection
EndGlobal
